
Microsoft Visual Studio Solution File, Format Version 12.00
# Visual Studio 15
VisualStudioVersion = 15.0.27428.2027
MinimumVisualStudioVersion = 10.0.40219.1
Project("{FAE04EC0-301F-11D3-BF4B-00C04F79EFBC}") = "WinForm-projet-Commerciale", "WinForm-projet-Commerciale\WinForm-projet-Commerciale.csproj", "{F778FAEF-0C09-46EC-A6A8-89FC7DF8A6DC}"
EndProject
Global
	GlobalSection(SolutionConfigurationPlatforms) = preSolution
		Debug|Any CPU = Debug|Any CPU
		Release|Any CPU = Release|Any CPU
	EndGlobalSection
	GlobalSection(ProjectConfigurationPlatforms) = postSolution
		{F778FAEF-0C09-46EC-A6A8-89FC7DF8A6DC}.Debug|Any CPU.ActiveCfg = Debug|Any CPU
		{F778FAEF-0C09-46EC-A6A8-89FC7DF8A6DC}.Debug|Any CPU.Build.0 = Debug|Any CPU
		{F778FAEF-0C09-46EC-A6A8-89FC7DF8A6DC}.Release|Any CPU.ActiveCfg = Release|Any CPU
		{F778FAEF-0C09-46EC-A6A8-89FC7DF8A6DC}.Release|Any CPU.Build.0 = Release|Any CPU
	EndGlobalSection
	GlobalSection(SolutionProperties) = preSolution
		HideSolutionNode = FALSE
	EndGlobalSection
	GlobalSection(ExtensibilityGlobals) = postSolution
		SolutionGuid = {6C59D3D2-A8A9-4858-89C1-78A5EB707B87}
	EndGlobalSection
EndGlobal
