
Microsoft Visual Studio Solution File, Format Version 12.00
# Visual Studio 15
VisualStudioVersion = 15.0.27428.2027
MinimumVisualStudioVersion = 10.0.40219.1
Project("{FAE04EC0-301F-11D3-BF4B-00C04F79EFBC}") = "Winforms_Projet_Commercial", "Winforms_Projet_Commercial\Winforms_Projet_Commercial.csproj", "{81A80B34-2E9C-4C91-9149-60B261B42A78}"
EndProject
Project("{FAE04EC0-301F-11D3-BF4B-00C04F79EFBC}") = "WinForm-projet-Commerciale", "..\WinForm-projet-Commerciale\WinForm-projet-Commerciale\WinForm-projet-Commerciale.csproj", "{F778FAEF-0C09-46EC-A6A8-89FC7DF8A6DC}"
EndProject
Global
	GlobalSection(SolutionConfigurationPlatforms) = preSolution
		Debug|Any CPU = Debug|Any CPU
		Release|Any CPU = Release|Any CPU
	EndGlobalSection
	GlobalSection(ProjectConfigurationPlatforms) = postSolution
		{81A80B34-2E9C-4C91-9149-60B261B42A78}.Debug|Any CPU.ActiveCfg = Debug|Any CPU
		{81A80B34-2E9C-4C91-9149-60B261B42A78}.Debug|Any CPU.Build.0 = Debug|Any CPU
		{81A80B34-2E9C-4C91-9149-60B261B42A78}.Release|Any CPU.ActiveCfg = Release|Any CPU
		{81A80B34-2E9C-4C91-9149-60B261B42A78}.Release|Any CPU.Build.0 = Release|Any CPU
		{F778FAEF-0C09-46EC-A6A8-89FC7DF8A6DC}.Debug|Any CPU.ActiveCfg = Debug|Any CPU
		{F778FAEF-0C09-46EC-A6A8-89FC7DF8A6DC}.Debug|Any CPU.Build.0 = Debug|Any CPU
		{F778FAEF-0C09-46EC-A6A8-89FC7DF8A6DC}.Release|Any CPU.ActiveCfg = Release|Any CPU
		{F778FAEF-0C09-46EC-A6A8-89FC7DF8A6DC}.Release|Any CPU.Build.0 = Release|Any CPU
	EndGlobalSection
	GlobalSection(SolutionProperties) = preSolution
		HideSolutionNode = FALSE
	EndGlobalSection
	GlobalSection(ExtensibilityGlobals) = postSolution
		SolutionGuid = {F2E9502A-2C98-4024-9852-1C8CDADD0280}
	EndGlobalSection
EndGlobal
